{
  "object": {
    "pins": [
      {
        "package": "Logger",
        "repositoryURL": "https://github.com/wvabrinskas/Logger.git",
        "state": {
          "branch": null,
          "revision": "0eec8aa2278ee03954226bc1a3173038888e79b3",
          "version": "1.0.6"
        }
      },
      {
        "package": "NumSwift",
        "repositoryURL": "https://github.com/wvabrinskas/NumSwift.git",
        "state": {
          "branch": "develop",
          "revision": "5912ecac80b01314e9ec22a90f1db1809ac9e56c",
          "version": null
        }
      }
    ]
  },
  "version": 1
}
