{
  "object": {
    "pins": [
      {
        "package": "Logger",
        "repositoryURL": "https://github.com/wvabrinskas/Logger.git",
        "state": {
          "branch": null,
          "revision": "0fdd83797237ffd682744856e5a79ac10438e787",
          "version": "1.0.4"
        }
      }
    ]
  },
  "version": 1
}
